# This file is automatically @generated by Cargo.
# It is not intended for manual editing.
version = 4

[[package]]
name = "network"
version = "0.1.0"
dependencies = [
 "primitives",
 "signer",
]

[[package]]
name = "network-bitcoin"
version = "0.1.0"
dependencies = [
 "network",
 "primitives",
]

[[package]]
name = "network-ethereum"
version = "0.1.0"
dependencies = [
 "network",
 "primitives",
]

[[package]]
name = "payment-sdk"
version = "0.1.0"
dependencies = [
 "network",
 "network-bitcoin",
 "network-ethereum",
 "primitives",
 "provider",
 "signer",
 "signer-bitcoin",
 "signer-ethereum",
 "signer-local",
 "transport",
]

[[package]]
name = "primitives"
version = "0.1.0"

[[package]]
name = "provider"
version = "0.1.0"
dependencies = [
 "network",
 "rpc-client",
 "transport",
]

[[package]]
name = "rpc-client"
version = "0.1.0"
dependencies = [
 "transport",
]

[[package]]
name = "signer"
version = "0.1.0"

[[package]]
name = "signer-bitcoin"
version = "0.1.0"
dependencies = [
 "network",
 "network-bitcoin",
 "primitives",
 "signer",
 "signer-local",
]

[[package]]
name = "signer-ethereum"
version = "0.1.0"
dependencies = [
 "network",
 "network-ethereum",
 "primitives",
 "signer",
 "signer-local",
]

[[package]]
name = "signer-local"
version = "0.1.0"
dependencies = [
 "signer",
]

[[package]]
name = "transport"
version = "0.1.0"
